# --------------------------------------------------------------------------
#
# MiSTer project (NDS_MiSTfits)
#
# WARNING WARNING WARNING:
# Do not add files to project in Quartus IDE! It will mess this file!
# Add the files manually to files.qip file.
#
# --------------------------------------------------------------------------

set_global_assignment -name TOP_LEVEL_ENTITY sys_top
set_global_assignment -name PARTITION_NETLIST_TYPE SOURCE -section_id Top
set_global_assignment -name PARTITION_FITTER_PRESERVATION_LEVEL PLACEMENT_AND_ROUTING -section_id Top
set_global_assignment -name PARTITION_COLOR 16764057 -section_id Top

set_global_assignment -name LAST_QUARTUS_VERSION "17.0.2 Lite Edition"

set_global_assignment -name GENERATE_RBF_FILE ON
set_global_assignment -name PROJECT_OUTPUT_DIRECTORY output_files
set_global_assignment -name NUM_PARALLEL_PROCESSORS 1
set_global_assignment -name SAVE_DISK_SPACE OFF
set_global_assignment -name SMART_RECOMPILE ON
set_global_assignment -name MIN_CORE_JUNCTION_TEMP "-40"
set_global_assignment -name MAX_CORE_JUNCTION_TEMP 100
set_global_assignment -name POWER_PRESET_COOLING_SOLUTION "23 MM HEAT SINK WITH 200 LFPM AIRFLOW"
set_global_assignment -name POWER_BOARD_THERMAL_MODEL "NONE (CONSERVATIVE)"
set_global_assignment -name TIMEQUEST_MULTICORNER_ANALYSIS OFF
set_global_assignment -name OPTIMIZE_POWER_DURING_FITTING OFF
set_global_assignment -name FINAL_PLACEMENT_OPTIMIZATION ALWAYS
set_global_assignment -name FITTER_EFFORT "STANDARD FIT"
set_global_assignment -name OPTIMIZATION_MODE "AGGRESSIVE PERFORMANCE"
set_global_assignment -name ALLOW_POWER_UP_DONT_CARE ON
set_global_assignment -name QII_AUTO_PACKED_REGISTERS "SPARSE AUTO"
set_global_assignment -name ROUTER_LCELL_INSERTION_AND_LOGIC_DUPLICATION ON
set_global_assignment -name PHYSICAL_SYNTHESIS_COMBO_LOGIC ON
set_global_assignment -name PHYSICAL_SYNTHESIS_REGISTER_DUPLICATION ON
set_global_assignment -name PHYSICAL_SYNTHESIS_REGISTER_RETIMING ON
set_global_assignment -name OPTIMIZATION_TECHNIQUE SPEED
set_global_assignment -name MUX_RESTRUCTURE ON
set_global_assignment -name REMOVE_REDUNDANT_LOGIC_CELLS ON
set_global_assignment -name AUTO_DELAY_CHAINS_FOR_HIGH_FANOUT_INPUT_PINS ON
set_global_assignment -name PHYSICAL_SYNTHESIS_COMBO_LOGIC_FOR_AREA OFF
set_global_assignment -name ADV_NETLIST_OPT_SYNTH_WYSIWYG_REMAP ON
set_global_assignment -name SYNTH_GATED_CLOCK_CONVERSION ON
set_global_assignment -name PRE_MAPPING_RESYNTHESIS ON
set_global_assignment -name ROUTER_CLOCKING_TOPOLOGY_ANALYSIS ON
set_global_assignment -name ECO_OPTIMIZE_TIMING ON
set_global_assignment -name PERIPHERY_TO_CORE_PLACEMENT_AND_ROUTING_OPTIMIZATION ON
set_global_assignment -name PHYSICAL_SYNTHESIS_ASYNCHRONOUS_SIGNAL_PIPELINING ON
set_global_assignment -name ALM_REGISTER_PACKING_EFFORT LOW
# Tried PLACEMENT_EFFORT_MULTIPLIER 3.0 with ROUTER_TIMING_OPTIMIZATION_LEVEL
# MAXIMUM (build artifacts-t3): worst slack -2.499 -> -4.104, TNS -790 -> -3356,
# with new offenders in DSP logic (dblsat, dsp_rb) that no source change had
# touched. But the seed spread on an UNCHANGED netlist is 1.53 ns (t5 at seeds
# 0/3/7 = -2.535/-4.065/-3.046), so that single sample does not establish the
# setting as harmful - only that it did not help and cost build time. Left at
# the default; sweeping seeds is measurably worth more than placer effort.
set_global_assignment -name PLACEMENT_EFFORT_MULTIPLIER 1.0
set_global_assignment -name SEED 0
set_global_assignment -name VERILOG_MACRO "MISTER_DEBUG_NOHDMI=1"
set_global_assignment -name VERILOG_MACRO "MISTER_FB=0"

# disable bilinear filtering when downscaling
set_global_assignment -name VERILOG_MACRO "MISTER_DOWNSCALE_NN=1"

# disable adaptive scanline filtering
set_global_assignment -name VERILOG_MACRO "MISTER_DISABLE_ADAPTIVE=1"

# Disable YC / Composite output to save some resources
# set_global_assignment -name VERILOG_MACRO "MISTER_DISABLE_YC=1"

# Disable ALSA audio output to save some resources
set_global_assignment -name VERILOG_MACRO "MISTER_DISABLE_ALSA=1"

# clkMem 4x = 134.055928 MHz instead of 3x = 100.541946 MHz. This ONE macro
# moves both the PLL (rtl/pll/pll_0002.v) and every clk1x-crossing phase index
# (NDS.sv CLKMEM_RATIO), because a 4x PLL with 3x indices would accept a
# renderer read the core is still holding and serve it twice.
#
# Measured on this machine's SDRAM module: 134 MHz pinned, zero MemTest errors
# over ~3 hours. That is the MODULE side only. The official MiSTer bar is
# 130 MHz, so comment this out for a build meant for anyone else - the renderer
# is already under its line budget at 3x and 4x only closes the last few
# dropped lines.
#
# FPGA side, and the reason this is worth a timing check every time it moves:
# the clk_mem -> clk_sys setup budget is ONE clkMem period, so it shrinks
# 9.94 -> 7.46 ns. At 3x the worst such path (vr_busy -> nds_vram|rdr_*_dout)
# had only +1.107 ns, so it is the first thing expected to fail here.
#
# MEASURED 2026-08-05.
#
# 1. Area is NOT this macro's fault. At 100% ALM neither ratio fitted, and 4x was
#    the smaller of the two (41,724 ALMs / 4223 LABs against 41,837 / 4238; the
#    device has 4191 LABs). The overflow was pre-existing on main. With
#    SOUND_ENABLE=0 the design drops to 34,324 ALMs (82%) and fits comfortably.
#
# 2. Timing before the sdram.sv work (build/artifacts-nosnd-4x):
#
#      outclk_0 clk_mem 134.056 MHz : setup -0.846 ns, TNS -9.496
#      outclk_2 clk_sys  33.514 MHz : setup -0.508 ns, TNS -26.268
#      outclk_1 video    67.028 MHz : setup +5.630 ns  (fine)
#      plus a hold violation on clk_sys, -0.364 ns
#
#    Those numbers are a measurement, not a veto - the owner's call is that small
#    negative slack is tolerable on this machine, so re-measure when this moves
#    and judge the size, rather than treating any red as blocking. See
#    docs/SDRAM.md for what the sdram.sv side of that gap turned out to be.
# set_global_assignment -name VERILOG_MACRO "NDS_CLKMEM_4X=1"

# HPS lightweight-bridge debug window at physical 0xFF200000
# (rtl/hps_lw_bridge.sv). Gives the ARM direct register access to nds_debug and
# to live PC/CPSR/status taps: ~150-300 ns per access against the DDR3 mailbox's
# ~122 us poll, and the live taps need no command at all, which is what makes a
# renderer counter watchable while it wedges.
#
# UNVERIFIED ON SILICON. The HPS end has to be enabled by the running Linux; if
# it is held in reset an access HANGS rather than failing. Run
# `nitrodbg.sh lwtest` before relying on it, and see the header of
# rtl/hps_lw_bridge.sv. Costs area, so leave it off for a release image.
set_global_assignment -name VERILOG_MACRO "NDS_LW_DEBUG=1"

# Diagnostic images only: drops ascal + pll_hdmi (~2k ALMs) so the debug
# mailbox fits and routes, and removes the HDMI clock domain that fails
# setup on nearly every seed. No HDMI out; direct_video carries analog.

source sys/sys.tcl
source sys/sys_analog.tcl
source files.qip
source clash/clash.tcl
set_global_assignment -name OPTIMIZE_POWER_DURING_SYNTHESIS OFF
set_global_assignment -name PHYSICAL_SYNTHESIS_EFFORT EXTRA
set_global_assignment -name VHDL_INPUT_VERSION VHDL_2008
set_global_assignment -name VHDL_SHOW_LMF_MAPPING_MESSAGES OFF
set_instance_assignment -name PARTITION_HIERARCHY root_partition -to | -section_id Top
